
Microsoft Visual Studio Solution File, Format Version 12.00
# Visual Studio Version 16
VisualStudioVersion = 16.0.33027.164
MinimumVisualStudioVersion = 10.0.40219.1
Project("{FAE04EC0-301F-11D3-BF4B-00C04F79EFBC}") = "KinderFuettern", "KinderFuettern.csproj", "{51652199-05DB-4974-98C5-E98EC8B6CEE2}"
EndProject
Global
	GlobalSection(SolutionConfigurationPlatforms) = preSolution
		Debug|Any CPU = Debug|Any CPU
		Release|Any CPU = Release|Any CPU
	EndGlobalSection
	GlobalSection(ProjectConfigurationPlatforms) = postSolution
		{51652199-05DB-4974-98C5-E98EC8B6CEE2}.Debug|Any CPU.ActiveCfg = Debug|Any CPU
		{51652199-05DB-4974-98C5-E98EC8B6CEE2}.Debug|Any CPU.Build.0 = Debug|Any CPU
		{51652199-05DB-4974-98C5-E98EC8B6CEE2}.Release|Any CPU.ActiveCfg = Release|Any CPU
		{51652199-05DB-4974-98C5-E98EC8B6CEE2}.Release|Any CPU.Build.0 = Release|Any CPU
	EndGlobalSection
	GlobalSection(SolutionProperties) = preSolution
		HideSolutionNode = FALSE
	EndGlobalSection
	GlobalSection(ExtensibilityGlobals) = postSolution
		SolutionGuid = {D90679E0-505E-47FC-B6B0-1EBE89815C08}
	EndGlobalSection
EndGlobal
